# This file is automatically @generated by Cargo.
# It is not intended for manual editing.
version = 3

[[package]]
name = "libc"
version = "0.2.153"
source = "registry+https://github.com/rust-lang/crates.io-index"
checksum = "9c198f91728a82281a64e1f4f9eeb25d82cb32a5de251c6bd1b5154d63a8e7bd"

[[package]]
name = "libelf"
version = "0.1.0"
source = "registry+https://github.com/rust-lang/crates.io-index"
checksum = "792d1d0bdb7c010bed0060e02aacb0d763a3037ef737789657a3fa04739b0941"
dependencies = [
 "libc",
 "libelf-sys",
]

[[package]]
name = "libelf-sys"
version = "0.1.0"
source = "registry+https://github.com/rust-lang/crates.io-index"
checksum = "1372eee838cd20fbc4cf351d74a8b84b4069b04c64f2a58236669325b22bdfc8"
dependencies = [
 "libc",
 "pkg-config",
]

[[package]]
name = "pkg-config"
version = "0.3.30"
source = "registry+https://github.com/rust-lang/crates.io-index"
checksum = "d231b230927b5e4ad203db57bbcbee2802f6bce620b1e4a9024a07d94e2907ec"

[[package]]
name = "victorinix"
version = "0.1.0"
dependencies = [
 "libelf",
]
